PODS:
  - CocoaLumberjack (3.8.0):
    - CocoaLumberjack/Core (= 3.8.0)
  - CocoaLumberjack/Core (3.8.0)
  - Flutter (1.0.0)
  - google-cast-sdk (4.7.0):
    - google-cast-sdk/Core (= 4.7.0)
    - Protobuf (~> 3.13)
  - google-cast-sdk/Core (4.7.0):
    - Protobuf (~> 3.13)
  - NVActivityIndicatorView (5.1.1):
    - NVActivityIndicatorView/Base (= 5.1.1)
  - NVActivityIndicatorView/Base (5.1.1)
  - Protobuf (3.22.1)
  - SDWebImage (5.15.5):
    - SDWebImage/Core (= 5.15.5)
  - SDWebImage/Core (5.15.5)
  - SnapKit (4.2.0)
  - SVGKit (3.0.0):
    - CocoaLumberjack (~> 3.0)
  - TinyConstraints (4.0.2)
  - udevs_video_player (0.0.1):
    - Flutter
    - google-cast-sdk (< 5.0, >= 4.7.0)
    - NVActivityIndicatorView
    - SDWebImage (~> 5.0)
    - SnapKit (~> 4.0)
    - SVGKit
    - TinyConstraints
    - XLActionController
  - XLActionController (5.1.0):
    - XLActionController/Core (= 5.1.0)
  - XLActionController/Core (5.1.0)

DEPENDENCIES:
  - Flutter (from `Flutter`)
  - udevs_video_player (from `.symlinks/plugins/udevs_video_player/ios`)

SPEC REPOS:
  trunk:
    - CocoaLumberjack
    - google-cast-sdk
    - NVActivityIndicatorView
    - Protobuf
    - SDWebImage
    - SnapKit
    - SVGKit
    - TinyConstraints
    - XLActionController

EXTERNAL SOURCES:
  Flutter:
    :path: Flutter
  udevs_video_player:
    :path: ".symlinks/plugins/udevs_video_player/ios"

SPEC CHECKSUMS:
  CocoaLumberjack: 78abfb691154e2a9df8ded4350d504ee19d90732
  Flutter: f04841e97a9d0b0a8025694d0796dd46242b2854
  google-cast-sdk: 6731e9a206ce43e0f4433d15598ad8a19f0371d5
  NVActivityIndicatorView: 1f6c5687f1171810aa27a3296814dc2d7dec3667
  Protobuf: d7f7c8329edf5eb8af65547a8ba3e9c1cee927d5
  SDWebImage: fd7e1a22f00303e058058278639bf6196ee431fe
  SnapKit: fe8a619752f3f27075cc9a90244d75c6c3f27e2a
  SVGKit: 1ad7513f8c74d9652f94ed64ddecda1a23864dea
  TinyConstraints: 7b7ccc0c485bb3bb47082138ff28bc33cd49897f
  udevs_video_player: 8df111d64a2cccf0003f91f8c4b7f0dde634aad4
  XLActionController: 24140d835ab9e260270711afebc5efabebe9d392

PODFILE CHECKSUM: 4e8f8b2be68aeea4c0d5beb6ff1e79fface1d048

COCOAPODS: 1.11.3
