PODS:
  - Flutter (1.0.0)
  - NVActivityIndicatorView (5.1.1):
    - NVActivityIndicatorView/Base (= 5.1.1)
  - NVActivityIndicatorView/Base (5.1.1)
  - SDWebImage (5.13.3):
    - SDWebImage/Core (= 5.13.3)
  - SDWebImage/Core (5.13.3)
  - SnapKit (4.2.0)
  - TinyConstraints (4.0.2)
  - udevs_video_player (0.0.1):
    - Flutter
    - NVActivityIndicatorView
    - SDWebImage (~> 5.0)
    - SnapKit (~> 4.0)
    - TinyConstraints
    - XLActionController
  - XLActionController (5.1.0):
    - XLActionController/Core (= 5.1.0)
  - XLActionController/Core (5.1.0)

DEPENDENCIES:
  - Flutter (from `Flutter`)
  - udevs_video_player (from `.symlinks/plugins/udevs_video_player/ios`)

SPEC REPOS:
  trunk:
    - NVActivityIndicatorView
    - SDWebImage
    - SnapKit
    - TinyConstraints
    - XLActionController

EXTERNAL SOURCES:
  Flutter:
    :path: Flutter
  udevs_video_player:
    :path: ".symlinks/plugins/udevs_video_player/ios"

SPEC CHECKSUMS:
  Flutter: f04841e97a9d0b0a8025694d0796dd46242b2854
  NVActivityIndicatorView: 1f6c5687f1171810aa27a3296814dc2d7dec3667
  SDWebImage: af5bbffef2cde09f148d826f9733dcde1a9414cd
  SnapKit: fe8a619752f3f27075cc9a90244d75c6c3f27e2a
  TinyConstraints: 7b7ccc0c485bb3bb47082138ff28bc33cd49897f
  udevs_video_player: a8ff8e748408582e918c82ad15c1dcc594b8c089
  XLActionController: 24140d835ab9e260270711afebc5efabebe9d392

PODFILE CHECKSUM: 7368163408c647b7eb699d0d788ba6718e18fb8d

COCOAPODS: 1.11.3
